
Microsoft Visual Studio Solution File, Format Version 12.00
# Visual Studio Version 16
VisualStudioVersion = 16.0.29920.165
MinimumVisualStudioVersion = 10.0.40219.1
Project("{F184B08F-C81C-45F6-A57F-5ABD9991F28F}") = "Servidor", "Servidor.vbproj", "{924E508D-667C-4BDD-9D93-1124E2CC9F4C}"
EndProject
Global
	GlobalSection(SolutionConfigurationPlatforms) = preSolution
		Debug|Any CPU = Debug|Any CPU
		Release|Any CPU = Release|Any CPU
	EndGlobalSection
	GlobalSection(ProjectConfigurationPlatforms) = postSolution
		{924E508D-667C-4BDD-9D93-1124E2CC9F4C}.Debug|Any CPU.ActiveCfg = Debug|Any CPU
		{924E508D-667C-4BDD-9D93-1124E2CC9F4C}.Debug|Any CPU.Build.0 = Debug|Any CPU
		{924E508D-667C-4BDD-9D93-1124E2CC9F4C}.Release|Any CPU.ActiveCfg = Release|Any CPU
		{924E508D-667C-4BDD-9D93-1124E2CC9F4C}.Release|Any CPU.Build.0 = Release|Any CPU
	EndGlobalSection
	GlobalSection(SolutionProperties) = preSolution
		HideSolutionNode = FALSE
	EndGlobalSection
	GlobalSection(ExtensibilityGlobals) = postSolution
		SolutionGuid = {9A33E3F9-691A-4BBA-B86D-254A4218D87D}
	EndGlobalSection
EndGlobal
